// !$*UTF8*$!
{
	archiveVersion = 1;
	classes = {
	};
	objectVersion = 50;
	objects = {

/* Begin PBXBuildFile section */
		A12E115823E332890056A6E8 /* AppDelegate.swift in Sources */ = {isa = PBXBuildFile; fileRef = A12E115723E332890056A6E8 /* AppDelegate.swift */; };
		A12E115A23E332890056A6E8 /* SceneDelegate.swift in Sources */ = {isa = PBXBuildFile; fileRef = A12E115923E332890056A6E8 /* SceneDelegate.swift */; };
		A12E115C23E332890056A6E8 /* ViewController.swift in Sources */ = {isa = PBXBuildFile; fileRef = A12E115B23E332890056A6E8 /* ViewController.swift */; };
		A12E115F23E332890056A6E8 /* Main.storyboard in Resources */ = {isa = PBXBuildFile; fileRef = A12E115D23E332890056A6E8 /* Main.storyboard */; };
		A12E116123E3328D0056A6E8 /* Assets.xcassets in Resources */ = {isa = PBXBuildFile; fileRef = A12E116023E3328D0056A6E8 /* Assets.xcassets */; };
		A12E116423E3328D0056A6E8 /* LaunchScreen.storyboard in Resources */ = {isa = PBXBuildFile; fileRef = A12E116223E3328D0056A6E8 /* LaunchScreen.storyboard */; };
		A12E116C23E332C80056A6E8 /* Cat.swift in Sources */ = {isa = PBXBuildFile; fileRef = A12E116B23E332C80056A6E8 /* Cat.swift */; };
		A12E116E23E33FE10056A6E8 /* pepito.jpg in Resources */ = {isa = PBXBuildFile; fileRef = A12E116D23E33FE10056A6E8 /* pepito.jpg */; };
		A167481023E9E5AF00D27E6B /* gato_sonriente00.jpeg in Resources */ = {isa = PBXBuildFile; fileRef = A167480D23E9E5AE00D27E6B /* gato_sonriente00.jpeg */; };
		A167481123E9E5AF00D27E6B /* gato_sonriente01.jpg in Resources */ = {isa = PBXBuildFile; fileRef = A167480E23E9E5AF00D27E6B /* gato_sonriente01.jpg */; };
		A167481223E9E5AF00D27E6B /* gato_ojos.jpg in Resources */ = {isa = PBXBuildFile; fileRef = A167480F23E9E5AF00D27E6B /* gato_ojos.jpg */; };
		A167481423E9EC0E00D27E6B /* no_file_image.png in Resources */ = {isa = PBXBuildFile; fileRef = A167481323E9EC0D00D27E6B /* no_file_image.png */; };
		A1E72D4423EA2F0200599562 /* aullido.mp3 in Resources */ = {isa = PBXBuildFile; fileRef = A1E72D4323EA2F0200599562 /* aullido.mp3 */; };
/* End PBXBuildFile section */

/* Begin PBXFileReference section */
		A12E115423E332890056A6E8 /* Cat.app */ = {isa = PBXFileReference; explicitFileType = wrapper.application; includeInIndex = 0; path = Cat.app; sourceTree = BUILT_PRODUCTS_DIR; };
		A12E115723E332890056A6E8 /* AppDelegate.swift */ = {isa = PBXFileReference; lastKnownFileType = sourcecode.swift; path = AppDelegate.swift; sourceTree = "<group>"; };
		A12E115923E332890056A6E8 /* SceneDelegate.swift */ = {isa = PBXFileReference; lastKnownFileType = sourcecode.swift; path = SceneDelegate.swift; sourceTree = "<group>"; };
		A12E115B23E332890056A6E8 /* ViewController.swift */ = {isa = PBXFileReference; lastKnownFileType = sourcecode.swift; path = ViewController.swift; sourceTree = "<group>"; };
		A12E115E23E332890056A6E8 /* Base */ = {isa = PBXFileReference; lastKnownFileType = file.storyboard; name = Base; path = Base.lproj/Main.storyboard; sourceTree = "<group>"; };
		A12E116023E3328D0056A6E8 /* Assets.xcassets */ = {isa = PBXFileReference; lastKnownFileType = folder.assetcatalog; path = Assets.xcassets; sourceTree = "<group>"; };
		A12E116323E3328D0056A6E8 /* Base */ = {isa = PBXFileReference; lastKnownFileType = file.storyboard; name = Base; path = Base.lproj/LaunchScreen.storyboard; sourceTree = "<group>"; };
		A12E116523E3328D0056A6E8 /* Info.plist */ = {isa = PBXFileReference; lastKnownFileType = text.plist.xml; path = Info.plist; sourceTree = "<group>"; };
		A12E116B23E332C80056A6E8 /* Cat.swift */ = {isa = PBXFileReference; lastKnownFileType = sourcecode.swift; path = Cat.swift; sourceTree = "<group>"; };
		A12E116D23E33FE10056A6E8 /* pepito.jpg */ = {isa = PBXFileReference; lastKnownFileType = image.jpeg; path = pepito.jpg; sourceTree = "<group>"; };
		A167480D23E9E5AE00D27E6B /* gato_sonriente00.jpeg */ = {isa = PBXFileReference; lastKnownFileType = image.jpeg; path = gato_sonriente00.jpeg; sourceTree = "<group>"; };
		A167480E23E9E5AF00D27E6B /* gato_sonriente01.jpg */ = {isa = PBXFileReference; lastKnownFileType = image.jpeg; path = gato_sonriente01.jpg; sourceTree = "<group>"; };
		A167480F23E9E5AF00D27E6B /* gato_ojos.jpg */ = {isa = PBXFileReference; lastKnownFileType = image.jpeg; path = gato_ojos.jpg; sourceTree = "<group>"; };
		A167481323E9EC0D00D27E6B /* no_file_image.png */ = {isa = PBXFileReference; lastKnownFileType = image.png; path = no_file_image.png; sourceTree = "<group>"; };
		A1E72D4323EA2F0200599562 /* aullido.mp3 */ = {isa = PBXFileReference; lastKnownFileType = audio.mp3; path = aullido.mp3; sourceTree = "<group>"; };
/* End PBXFileReference section */

/* Begin PBXFrameworksBuildPhase section */
		A12E115123E332890056A6E8 /* Frameworks */ = {
			isa = PBXFrameworksBuildPhase;
			buildActionMask = 2147483647;
			files = (
			);
			runOnlyForDeploymentPostprocessing = 0;
		};
/* End PBXFrameworksBuildPhase section */

/* Begin PBXGroup section */
		A12E114B23E332890056A6E8 = {
			isa = PBXGroup;
			children = (
				A12E115623E332890056A6E8 /* Cat */,
				A12E115523E332890056A6E8 /* Products */,
			);
			sourceTree = "<group>";
		};
		A12E115523E332890056A6E8 /* Products */ = {
			isa = PBXGroup;
			children = (
				A12E115423E332890056A6E8 /* Cat.app */,
			);
			name = Products;
			sourceTree = "<group>";
		};
		A12E115623E332890056A6E8 /* Cat */ = {
			isa = PBXGroup;
			children = (
				A12E115723E332890056A6E8 /* AppDelegate.swift */,
				A12E115923E332890056A6E8 /* SceneDelegate.swift */,
				A12E115B23E332890056A6E8 /* ViewController.swift */,
				A12E115D23E332890056A6E8 /* Main.storyboard */,
				A12E116023E3328D0056A6E8 /* Assets.xcassets */,
				A12E116223E3328D0056A6E8 /* LaunchScreen.storyboard */,
				A12E116523E3328D0056A6E8 /* Info.plist */,
				A12E116D23E33FE10056A6E8 /* pepito.jpg */,
				A167480F23E9E5AF00D27E6B /* gato_ojos.jpg */,
				A167480D23E9E5AE00D27E6B /* gato_sonriente00.jpeg */,
				A167480E23E9E5AF00D27E6B /* gato_sonriente01.jpg */,
				A167481323E9EC0D00D27E6B /* no_file_image.png */,
				A1E72D4323EA2F0200599562 /* aullido.mp3 */,
				A12E116B23E332C80056A6E8 /* Cat.swift */,
			);
			path = Cat;
			sourceTree = "<group>";
		};
/* End PBXGroup section */

/* Begin PBXNativeTarget section */
		A12E115323E332890056A6E8 /* Cat */ = {
			isa = PBXNativeTarget;
			buildConfigurationList = A12E116823E3328D0056A6E8 /* Build configuration list for PBXNativeTarget "Cat" */;
			buildPhases = (
				A12E115023E332890056A6E8 /* Sources */,
				A12E115123E332890056A6E8 /* Frameworks */,
				A12E115223E332890056A6E8 /* Resources */,
			);
			buildRules = (
			);
			dependencies = (
			);
			name = Cat;
			productName = Cat;
			productReference = A12E115423E332890056A6E8 /* Cat.app */;
			productType = "com.apple.product-type.application";
		};
/* End PBXNativeTarget section */

/* Begin PBXProject section */
		A12E114C23E332890056A6E8 /* Project object */ = {
			isa = PBXProject;
			attributes = {
				LastSwiftUpdateCheck = 1120;
				LastUpgradeCheck = 1120;
				ORGANIZATIONNAME = Eduardo;
				TargetAttributes = {
					A12E115323E332890056A6E8 = {
						CreatedOnToolsVersion = 11.2.1;
					};
				};
			};
			buildConfigurationList = A12E114F23E332890056A6E8 /* Build configuration list for PBXProject "Cat" */;
			compatibilityVersion = "Xcode 9.3";
			developmentRegion = en;
			hasScannedForEncodings = 0;
			knownRegions = (
				en,
				Base,
			);
			mainGroup = A12E114B23E332890056A6E8;
			productRefGroup = A12E115523E332890056A6E8 /* Products */;
			projectDirPath = "";
			projectRoot = "";
			targets = (
				A12E115323E332890056A6E8 /* Cat */,
			);
		};
/* End PBXProject section */

/* Begin PBXResourcesBuildPhase section */
		A12E115223E332890056A6E8 /* Resources */ = {
			isa = PBXResourcesBuildPhase;
			buildActionMask = 2147483647;
			files = (
				A12E116423E3328D0056A6E8 /* LaunchScreen.storyboard in Resources */,
				A167481123E9E5AF00D27E6B /* gato_sonriente01.jpg in Resources */,
				A167481423E9EC0E00D27E6B /* no_file_image.png in Resources */,
				A12E116123E3328D0056A6E8 /* Assets.xcassets in Resources */,
				A12E116E23E33FE10056A6E8 /* pepito.jpg in Resources */,
				A167481223E9E5AF00D27E6B /* gato_ojos.jpg in Resources */,
				A1E72D4423EA2F0200599562 /* aullido.mp3 in Resources */,
				A167481023E9E5AF00D27E6B /* gato_sonriente00.jpeg in Resources */,
				A12E115F23E332890056A6E8 /* Main.storyboard in Resources */,
			);
			runOnlyForDeploymentPostprocessing = 0;
		};
/* End PBXResourcesBuildPhase section */

/* Begin PBXSourcesBuildPhase section */
		A12E115023E332890056A6E8 /* Sources */ = {
			isa = PBXSourcesBuildPhase;
			buildActionMask = 2147483647;
			files = (
				A12E116C23E332C80056A6E8 /* Cat.swift in Sources */,
				A12E115C23E332890056A6E8 /* ViewController.swift in Sources */,
				A12E115823E332890056A6E8 /* AppDelegate.swift in Sources */,
				A12E115A23E332890056A6E8 /* SceneDelegate.swift in Sources */,
			);
			runOnlyForDeploymentPostprocessing = 0;
		};
/* End PBXSourcesBuildPhase section */

/* Begin PBXVariantGroup section */
		A12E115D23E332890056A6E8 /* Main.storyboard */ = {
			isa = PBXVariantGroup;
			children = (
				A12E115E23E332890056A6E8 /* Base */,
			);
			name = Main.storyboard;
			sourceTree = "<group>";
		};
		A12E116223E3328D0056A6E8 /* LaunchScreen.storyboard */ = {
			isa = PBXVariantGroup;
			children = (
				A12E116323E3328D0056A6E8 /* Base */,
			);
			name = LaunchScreen.storyboard;
			sourceTree = "<group>";
		};
/* End PBXVariantGroup section */

/* Begin XCBuildConfiguration section */
		A12E116623E3328D0056A6E8 /* Debug */ = {
			isa = XCBuildConfiguration;
			buildSettings = {
				ALWAYS_SEARCH_USER_PATHS = NO;
				CLANG_ANALYZER_NONNULL = YES;
				CLANG_ANALYZER_NUMBER_OBJECT_CONVERSION = YES_AGGRESSIVE;
				CLANG_CXX_LANGUAGE_STANDARD = "gnu++14";
				CLANG_CXX_LIBRARY = "libc++";
				CLANG_ENABLE_MODULES = YES;
				CLANG_ENABLE_OBJC_ARC = YES;
				CLANG_ENABLE_OBJC_WEAK = YES;
				CLANG_WARN_BLOCK_CAPTURE_AUTORELEASING = YES;
				CLANG_WARN_BOOL_CONVERSION = YES;
				CLANG_WARN_COMMA = YES;
				CLANG_WARN_CONSTANT_CONVERSION = YES;
				CLANG_WARN_DEPRECATED_OBJC_IMPLEMENTATIONS = YES;
				CLANG_WARN_DIRECT_OBJC_ISA_USAGE = YES_ERROR;
				CLANG_WARN_DOCUMENTATION_COMMENTS = YES;
				CLANG_WARN_EMPTY_BODY = YES;
				CLANG_WARN_ENUM_CONVERSION = YES;
				CLANG_WARN_INFINITE_RECURSION = YES;
				CLANG_WARN_INT_CONVERSION = YES;
				CLANG_WARN_NON_LITERAL_NULL_CONVERSION = YES;
				CLANG_WARN_OBJC_IMPLICIT_RETAIN_SELF = YES;
				CLANG_WARN_OBJC_LITERAL_CONVERSION = YES;
				CLANG_WARN_OBJC_ROOT_CLASS = YES_ERROR;
				CLANG_WARN_RANGE_LOOP_ANALYSIS = YES;
				CLANG_WARN_STRICT_PROTOTYPES = YES;
				CLANG_WARN_SUSPICIOUS_MOVE = YES;
				CLANG_WARN_UNGUARDED_AVAILABILITY = YES_AGGRESSIVE;
				CLANG_WARN_UNREACHABLE_CODE = YES;
				CLANG_WARN__DUPLICATE_METHOD_MATCH = YES;
				COPY_PHASE_STRIP = NO;
				DEBUG_INFORMATION_FORMAT = dwarf;
				ENABLE_STRICT_OBJC_MSGSEND = YES;
				ENABLE_TESTABILITY = YES;
				GCC_C_LANGUAGE_STANDARD = gnu11;
				GCC_DYNAMIC_NO_PIC = NO;
				GCC_NO_COMMON_BLOCKS = YES;
				GCC_OPTIMIZATION_LEVEL = 0;
				GCC_PREPROCESSOR_DEFINITIONS = (
					"DEBUG=1",
					"$(inherited)",
				);
				GCC_WARN_64_TO_32_BIT_CONVERSION = YES;
				GCC_WARN_ABOUT_RETURN_TYPE = YES_ERROR;
				GCC_WARN_UNDECLARED_SELECTOR = YES;
				GCC_WARN_UNINITIALIZED_AUTOS = YES_AGGRESSIVE;
				GCC_WARN_UNUSED_FUNCTION = YES;
				GCC_WARN_UNUSED_VARIABLE = YES;
				IPHONEOS_DEPLOYMENT_TARGET = 13.2;
				MTL_ENABLE_DEBUG_INFO = INCLUDE_SOURCE;
				MTL_FAST_MATH = YES;
				ONLY_ACTIVE_ARCH = YES;
				SDKROOT = iphoneos;
				SWIFT_ACTIVE_COMPILATION_CONDITIONS = DEBUG;
				SWIFT_OPTIMIZATION_LEVEL = "-Onone";
			};
			name = Debug;
		};
		A12E116723E3328D0056A6E8 /* Release */ = {
			isa = XCBuildConfiguration;
			buildSettings = {
				ALWAYS_SEARCH_USER_PATHS = NO;
				CLANG_ANALYZER_NONNULL = YES;
				CLANG_ANALYZER_NUMBER_OBJECT_CONVERSION = YES_AGGRESSIVE;
				CLANG_CXX_LANGUAGE_STANDARD = "gnu++14";
				CLANG_CXX_LIBRARY = "libc++";
				CLANG_ENABLE_MODULES = YES;
				CLANG_ENABLE_OBJC_ARC = YES;
				CLANG_ENABLE_OBJC_WEAK = YES;
				CLANG_WARN_BLOCK_CAPTURE_AUTORELEASING = YES;
				CLANG_WARN_BOOL_CONVERSION = YES;
				CLANG_WARN_COMMA = YES;
				CLANG_WARN_CONSTANT_CONVERSION = YES;
				CLANG_WARN_DEPRECATED_OBJC_IMPLEMENTATIONS = YES;
				CLANG_WARN_DIRECT_OBJC_ISA_USAGE = YES_ERROR;
				CLANG_WARN_DOCUMENTATION_COMMENTS = YES;
				CLANG_WARN_EMPTY_BODY = YES;
				CLANG_WARN_ENUM_CONVERSION = YES;
				CLANG_WARN_INFINITE_RECURSION = YES;
				CLANG_WARN_INT_CONVERSION = YES;
				CLANG_WARN_NON_LITERAL_NULL_CONVERSION = YES;
				CLANG_WARN_OBJC_IMPLICIT_RETAIN_SELF = YES;
				CLANG_WARN_OBJC_LITERAL_CONVERSION = YES;
				CLANG_WARN_OBJC_ROOT_CLASS = YES_ERROR;
				CLANG_WARN_RANGE_LOOP_ANALYSIS = YES;
				CLANG_WARN_STRICT_PROTOTYPES = YES;
				CLANG_WARN_SUSPICIOUS_MOVE = YES;
				CLANG_WARN_UNGUARDED_AVAILABILITY = YES_AGGRESSIVE;
				CLANG_WARN_UNREACHABLE_CODE = YES;
				CLANG_WARN__DUPLICATE_METHOD_MATCH = YES;
				COPY_PHASE_STRIP = NO;
				DEBUG_INFORMATION_FORMAT = "dwarf-with-dsym";
				ENABLE_NS_ASSERTIONS = NO;
				ENABLE_STRICT_OBJC_MSGSEND = YES;
				GCC_C_LANGUAGE_STANDARD = gnu11;
				GCC_NO_COMMON_BLOCKS = YES;
				GCC_WARN_64_TO_32_BIT_CONVERSION = YES;
				GCC_WARN_ABOUT_RETURN_TYPE = YES_ERROR;
				GCC_WARN_UNDECLARED_SELECTOR = YES;
				GCC_WARN_UNINITIALIZED_AUTOS = YES_AGGRESSIVE;
				GCC_WARN_UNUSED_FUNCTION = YES;
				GCC_WARN_UNUSED_VARIABLE = YES;
				IPHONEOS_DEPLOYMENT_TARGET = 13.2;
				MTL_ENABLE_DEBUG_INFO = NO;
				MTL_FAST_MATH = YES;
				SDKROOT = iphoneos;
				SWIFT_COMPILATION_MODE = wholemodule;
				SWIFT_OPTIMIZATION_LEVEL = "-O";
				VALIDATE_PRODUCT = YES;
			};
			name = Release;
		};
		A12E116923E3328D0056A6E8 /* Debug */ = {
			isa = XCBuildConfiguration;
			buildSettings = {
				ASSETCATALOG_COMPILER_APPICON_NAME = AppIcon;
				CODE_SIGN_STYLE = Automatic;
				INFOPLIST_FILE = Cat/Info.plist;
				LD_RUNPATH_SEARCH_PATHS = (
					"$(inherited)",
					"@executable_path/Frameworks",
				);
				PRODUCT_BUNDLE_IDENTIFIER = hey.Cat;
				PRODUCT_NAME = "$(TARGET_NAME)";
				SWIFT_VERSION = 5.0;
				TARGETED_DEVICE_FAMILY = "1,2";
			};
			name = Debug;
		};
		A12E116A23E3328D0056A6E8 /* Release */ = {
			isa = XCBuildConfiguration;
			buildSettings = {
				ASSETCATALOG_COMPILER_APPICON_NAME = AppIcon;
				CODE_SIGN_STYLE = Automatic;
				INFOPLIST_FILE = Cat/Info.plist;
				LD_RUNPATH_SEARCH_PATHS = (
					"$(inherited)",
					"@executable_path/Frameworks",
				);
				PRODUCT_BUNDLE_IDENTIFIER = hey.Cat;
				PRODUCT_NAME = "$(TARGET_NAME)";
				SWIFT_VERSION = 5.0;
				TARGETED_DEVICE_FAMILY = "1,2";
			};
			name = Release;
		};
/* End XCBuildConfiguration section */

/* Begin XCConfigurationList section */
		A12E114F23E332890056A6E8 /* Build configuration list for PBXProject "Cat" */ = {
			isa = XCConfigurationList;
			buildConfigurations = (
				A12E116623E3328D0056A6E8 /* Debug */,
				A12E116723E3328D0056A6E8 /* Release */,
			);
			defaultConfigurationIsVisible = 0;
			defaultConfigurationName = Release;
		};
		A12E116823E3328D0056A6E8 /* Build configuration list for PBXNativeTarget "Cat" */ = {
			isa = XCConfigurationList;
			buildConfigurations = (
				A12E116923E3328D0056A6E8 /* Debug */,
				A12E116A23E3328D0056A6E8 /* Release */,
			);
			defaultConfigurationIsVisible = 0;
			defaultConfigurationName = Release;
		};
/* End XCConfigurationList section */
	};
	rootObject = A12E114C23E332890056A6E8 /* Project object */;
}
